{
  "name": "shared-utils-consumer",
  "version": "1.0.0",
  "lockfileVersion": 3,
  "requires": true,
  "packages": {
    "": {
      "name": "shared-utils-consumer",
      "version": "1.0.0",
      "license": "ISC",
      "dependencies": {
        "@gabe-lepo/shared-utils-test": "^1.0.3"
      }
    },
    "node_modules/@gabe-lepo/shared-utils-test": {
      "version": "1.0.3",
      "resolved": "https://npm.pkg.github.com/download/@gabe-lepo/shared-utils-test/1.0.3/f33a81cf75c3e287b3589f65940e600f7fbbdef2",
      "integrity": "sha512-JCuRc6BOcF4F0b8+AMsfr9w1h3shVzQi6j4vUOEh+m/1r44avpG+UqnUOvvfl5jbJtlG2SF8fZSxxzYhlGrPfQ==",
      "license": "ISC"
    }
  }
}
