{
  "name": "shared-utils-consumer",
  "version": "1.0.0",
  "lockfileVersion": 3,
  "requires": true,
  "packages": {
    "": {
      "name": "shared-utils-consumer",
      "version": "1.0.0",
      "license": "ISC",
      "dependencies": {
        "@gabe-lepo/shared-utils-test": "^1.0.3"
      }
    },
    "node_modules/@gabe-lepo/shared-utils-test": {
      "version": "1.0.4",
      "resolved": "https://npm.pkg.github.com/download/@gabe-lepo/shared-utils-test/1.0.4/7b6aeae30fd97beec235549d3910c71bf8b22e62",
      "integrity": "sha512-T0wg47MPQAZhejIm/zzd4+0AzjrKWUyRDUMPardRtC0Uhbec4BdOxRszkjShkgE3s32FfMdOlHje6sK9IGR29A==",
      "license": "ISC"
    }
  }
}
