{
  "name": "shared-utils-consumer",
  "version": "1.0.0",
  "lockfileVersion": 3,
  "requires": true,
  "packages": {
    "": {
      "name": "shared-utils-consumer",
      "version": "1.0.0",
      "license": "ISC",
      "dependencies": {
        "@gabe-lepo/shared-utils-test": "^1.0.5"
      }
    },
    "node_modules/@gabe-lepo/shared-utils-test": {
      "version": "1.0.5",
      "resolved": "https://npm.pkg.github.com/download/@gabe-lepo/shared-utils-test/1.0.5/0e2c0a557138aa0605706f703de8874ab3047bc9",
      "integrity": "sha512-OXkezBp9C68f/R4HWFYrCiwA0dAJFyGl6I8IFbHMVcqzJ8ef8mhYmklT0ZAMrZy7TEFe0oN1TvdatdcYMC7Dbw==",
      "license": "ISC"
    }
  }
}
